// !$*UTF8*$!
{
	archiveVersion = 1;
	classes = {
	};
	objectVersion = 56;
	objects = {

/* Begin PBXBuildFile section */
		3DB5E00929BF86F300B4359F /* Week06_LevApp.swift in Sources */ = {isa = PBXBuildFile; fileRef = 3DB5E00829BF86F300B4359F /* Week06_LevApp.swift */; };
		3DB5E00B29BF86F300B4359F /* ContentView.swift in Sources */ = {isa = PBXBuildFile; fileRef = 3DB5E00A29BF86F300B4359F /* ContentView.swift */; };
		3DB5E00D29BF86F400B4359F /* Assets.xcassets in Resources */ = {isa = PBXBuildFile; fileRef = 3DB5E00C29BF86F400B4359F /* Assets.xcassets */; };
		3DB5E01029BF86F400B4359F /* Preview Assets.xcassets in Resources */ = {isa = PBXBuildFile; fileRef = 3DB5E00F29BF86F400B4359F /* Preview Assets.xcassets */; };
		3DB5E02F29BFA9BD00B4359F /* Urbanist-LightItalic.ttf in Resources */ = {isa = PBXBuildFile; fileRef = 3DB5E01D29BFA9BC00B4359F /* Urbanist-LightItalic.ttf */; };
		3DB5E03029BFA9BD00B4359F /* Urbanist-Regular.ttf in Resources */ = {isa = PBXBuildFile; fileRef = 3DB5E01E29BFA9BC00B4359F /* Urbanist-Regular.ttf */; };
		3DB5E03129BFA9BD00B4359F /* Urbanist-SemiBoldItalic.ttf in Resources */ = {isa = PBXBuildFile; fileRef = 3DB5E01F29BFA9BC00B4359F /* Urbanist-SemiBoldItalic.ttf */; };
		3DB5E03229BFA9BD00B4359F /* Urbanist-MediumItalic.ttf in Resources */ = {isa = PBXBuildFile; fileRef = 3DB5E02029BFA9BC00B4359F /* Urbanist-MediumItalic.ttf */; };
		3DB5E03329BFA9BD00B4359F /* Urbanist-Light.ttf in Resources */ = {isa = PBXBuildFile; fileRef = 3DB5E02129BFA9BC00B4359F /* Urbanist-Light.ttf */; };
		3DB5E03429BFA9BD00B4359F /* Urbanist-Thin.ttf in Resources */ = {isa = PBXBuildFile; fileRef = 3DB5E02229BFA9BC00B4359F /* Urbanist-Thin.ttf */; };
		3DB5E03529BFA9BD00B4359F /* Urbanist-ThinItalic.ttf in Resources */ = {isa = PBXBuildFile; fileRef = 3DB5E02329BFA9BC00B4359F /* Urbanist-ThinItalic.ttf */; };
		3DB5E03629BFA9BD00B4359F /* Urbanist-Italic.ttf in Resources */ = {isa = PBXBuildFile; fileRef = 3DB5E02429BFA9BC00B4359F /* Urbanist-Italic.ttf */; };
		3DB5E03729BFA9BD00B4359F /* Urbanist-BlackItalic.ttf in Resources */ = {isa = PBXBuildFile; fileRef = 3DB5E02529BFA9BC00B4359F /* Urbanist-BlackItalic.ttf */; };
		3DB5E03829BFA9BD00B4359F /* Urbanist-Bold.ttf in Resources */ = {isa = PBXBuildFile; fileRef = 3DB5E02629BFA9BC00B4359F /* Urbanist-Bold.ttf */; };
		3DB5E03929BFA9BD00B4359F /* Urbanist-Black.ttf in Resources */ = {isa = PBXBuildFile; fileRef = 3DB5E02729BFA9BD00B4359F /* Urbanist-Black.ttf */; };
		3DB5E03A29BFA9BD00B4359F /* Urbanist-ExtraLightItalic.ttf in Resources */ = {isa = PBXBuildFile; fileRef = 3DB5E02829BFA9BD00B4359F /* Urbanist-ExtraLightItalic.ttf */; };
		3DB5E03B29BFA9BD00B4359F /* Urbanist-ExtraBoldItalic.ttf in Resources */ = {isa = PBXBuildFile; fileRef = 3DB5E02929BFA9BD00B4359F /* Urbanist-ExtraBoldItalic.ttf */; };
		3DB5E03C29BFA9BD00B4359F /* Urbanist-ExtraBold.ttf in Resources */ = {isa = PBXBuildFile; fileRef = 3DB5E02A29BFA9BD00B4359F /* Urbanist-ExtraBold.ttf */; };
		3DB5E03D29BFA9BD00B4359F /* Urbanist-BoldItalic.ttf in Resources */ = {isa = PBXBuildFile; fileRef = 3DB5E02B29BFA9BD00B4359F /* Urbanist-BoldItalic.ttf */; };
		3DB5E03E29BFA9BD00B4359F /* Urbanist-SemiBold.ttf in Resources */ = {isa = PBXBuildFile; fileRef = 3DB5E02C29BFA9BD00B4359F /* Urbanist-SemiBold.ttf */; };
		3DB5E03F29BFA9BD00B4359F /* Urbanist-Medium.ttf in Resources */ = {isa = PBXBuildFile; fileRef = 3DB5E02D29BFA9BD00B4359F /* Urbanist-Medium.ttf */; };
		3DB5E04029BFA9BD00B4359F /* Urbanist-ExtraLight.ttf in Resources */ = {isa = PBXBuildFile; fileRef = 3DB5E02E29BFA9BD00B4359F /* Urbanist-ExtraLight.ttf */; };
		3DB5E04329BFABEC00B4359F /* UrbanistFontModifier.swift in Sources */ = {isa = PBXBuildFile; fileRef = 3DB5E04229BFABEC00B4359F /* UrbanistFontModifier.swift */; };
		3DB5E04529BFAD2200B4359F /* HomeView.swift in Sources */ = {isa = PBXBuildFile; fileRef = 3DB5E04429BFAD2200B4359F /* HomeView.swift */; };
		3DB5E04729BFAF4F00B4359F /* TravelModel.swift in Sources */ = {isa = PBXBuildFile; fileRef = 3DB5E04629BFAF4F00B4359F /* TravelModel.swift */; };
		3DB5E04929BFB3F900B4359F /* ColourSettings.swift in Sources */ = {isa = PBXBuildFile; fileRef = 3DB5E04829BFB3F900B4359F /* ColourSettings.swift */; };
		3DB5E04B29BFECE500B4359F /* OtherConfigs.swift in Sources */ = {isa = PBXBuildFile; fileRef = 3DB5E04A29BFECE500B4359F /* OtherConfigs.swift */; };
		3DB5E04D29BFF13E00B4359F /* HomeViewModel.swift in Sources */ = {isa = PBXBuildFile; fileRef = 3DB5E04C29BFF13E00B4359F /* HomeViewModel.swift */; };
		3DB5E04F29C003AF00B4359F /* TravelData.swift in Sources */ = {isa = PBXBuildFile; fileRef = 3DB5E04E29C003AF00B4359F /* TravelData.swift */; };
/* End PBXBuildFile section */

/* Begin PBXFileReference section */
		3DB5E00529BF86F300B4359F /* Week06-Lev.app */ = {isa = PBXFileReference; explicitFileType = wrapper.application; includeInIndex = 0; path = "Week06-Lev.app"; sourceTree = BUILT_PRODUCTS_DIR; };
		3DB5E00829BF86F300B4359F /* Week06_LevApp.swift */ = {isa = PBXFileReference; lastKnownFileType = sourcecode.swift; path = Week06_LevApp.swift; sourceTree = "<group>"; };
		3DB5E00A29BF86F300B4359F /* ContentView.swift */ = {isa = PBXFileReference; lastKnownFileType = sourcecode.swift; path = ContentView.swift; sourceTree = "<group>"; };
		3DB5E00C29BF86F400B4359F /* Assets.xcassets */ = {isa = PBXFileReference; lastKnownFileType = folder.assetcatalog; path = Assets.xcassets; sourceTree = "<group>"; };
		3DB5E00F29BF86F400B4359F /* Preview Assets.xcassets */ = {isa = PBXFileReference; lastKnownFileType = folder.assetcatalog; path = "Preview Assets.xcassets"; sourceTree = "<group>"; };
		3DB5E01D29BFA9BC00B4359F /* Urbanist-LightItalic.ttf */ = {isa = PBXFileReference; lastKnownFileType = file; path = "Urbanist-LightItalic.ttf"; sourceTree = "<group>"; };
		3DB5E01E29BFA9BC00B4359F /* Urbanist-Regular.ttf */ = {isa = PBXFileReference; lastKnownFileType = file; path = "Urbanist-Regular.ttf"; sourceTree = "<group>"; };
		3DB5E01F29BFA9BC00B4359F /* Urbanist-SemiBoldItalic.ttf */ = {isa = PBXFileReference; lastKnownFileType = file; path = "Urbanist-SemiBoldItalic.ttf"; sourceTree = "<group>"; };
		3DB5E02029BFA9BC00B4359F /* Urbanist-MediumItalic.ttf */ = {isa = PBXFileReference; lastKnownFileType = file; path = "Urbanist-MediumItalic.ttf"; sourceTree = "<group>"; };
		3DB5E02129BFA9BC00B4359F /* Urbanist-Light.ttf */ = {isa = PBXFileReference; lastKnownFileType = file; path = "Urbanist-Light.ttf"; sourceTree = "<group>"; };
		3DB5E02229BFA9BC00B4359F /* Urbanist-Thin.ttf */ = {isa = PBXFileReference; lastKnownFileType = file; path = "Urbanist-Thin.ttf"; sourceTree = "<group>"; };
		3DB5E02329BFA9BC00B4359F /* Urbanist-ThinItalic.ttf */ = {isa = PBXFileReference; lastKnownFileType = file; path = "Urbanist-ThinItalic.ttf"; sourceTree = "<group>"; };
		3DB5E02429BFA9BC00B4359F /* Urbanist-Italic.ttf */ = {isa = PBXFileReference; lastKnownFileType = file; path = "Urbanist-Italic.ttf"; sourceTree = "<group>"; };
		3DB5E02529BFA9BC00B4359F /* Urbanist-BlackItalic.ttf */ = {isa = PBXFileReference; lastKnownFileType = file; path = "Urbanist-BlackItalic.ttf"; sourceTree = "<group>"; };
		3DB5E02629BFA9BC00B4359F /* Urbanist-Bold.ttf */ = {isa = PBXFileReference; lastKnownFileType = file; path = "Urbanist-Bold.ttf"; sourceTree = "<group>"; };
		3DB5E02729BFA9BD00B4359F /* Urbanist-Black.ttf */ = {isa = PBXFileReference; lastKnownFileType = file; path = "Urbanist-Black.ttf"; sourceTree = "<group>"; };
		3DB5E02829BFA9BD00B4359F /* Urbanist-ExtraLightItalic.ttf */ = {isa = PBXFileReference; lastKnownFileType = file; path = "Urbanist-ExtraLightItalic.ttf"; sourceTree = "<group>"; };
		3DB5E02929BFA9BD00B4359F /* Urbanist-ExtraBoldItalic.ttf */ = {isa = PBXFileReference; lastKnownFileType = file; path = "Urbanist-ExtraBoldItalic.ttf"; sourceTree = "<group>"; };
		3DB5E02A29BFA9BD00B4359F /* Urbanist-ExtraBold.ttf */ = {isa = PBXFileReference; lastKnownFileType = file; path = "Urbanist-ExtraBold.ttf"; sourceTree = "<group>"; };
		3DB5E02B29BFA9BD00B4359F /* Urbanist-BoldItalic.ttf */ = {isa = PBXFileReference; lastKnownFileType = file; path = "Urbanist-BoldItalic.ttf"; sourceTree = "<group>"; };
		3DB5E02C29BFA9BD00B4359F /* Urbanist-SemiBold.ttf */ = {isa = PBXFileReference; lastKnownFileType = file; path = "Urbanist-SemiBold.ttf"; sourceTree = "<group>"; };
		3DB5E02D29BFA9BD00B4359F /* Urbanist-Medium.ttf */ = {isa = PBXFileReference; lastKnownFileType = file; path = "Urbanist-Medium.ttf"; sourceTree = "<group>"; };
		3DB5E02E29BFA9BD00B4359F /* Urbanist-ExtraLight.ttf */ = {isa = PBXFileReference; lastKnownFileType = file; path = "Urbanist-ExtraLight.ttf"; sourceTree = "<group>"; };
		3DB5E04129BFA9E900B4359F /* Info.plist */ = {isa = PBXFileReference; lastKnownFileType = text.plist; path = Info.plist; sourceTree = "<group>"; };
		3DB5E04229BFABEC00B4359F /* UrbanistFontModifier.swift */ = {isa = PBXFileReference; lastKnownFileType = sourcecode.swift; path = UrbanistFontModifier.swift; sourceTree = "<group>"; };
		3DB5E04429BFAD2200B4359F /* HomeView.swift */ = {isa = PBXFileReference; lastKnownFileType = sourcecode.swift; path = HomeView.swift; sourceTree = "<group>"; };
		3DB5E04629BFAF4F00B4359F /* TravelModel.swift */ = {isa = PBXFileReference; lastKnownFileType = sourcecode.swift; path = TravelModel.swift; sourceTree = "<group>"; };
		3DB5E04829BFB3F900B4359F /* ColourSettings.swift */ = {isa = PBXFileReference; lastKnownFileType = sourcecode.swift; path = ColourSettings.swift; sourceTree = "<group>"; };
		3DB5E04A29BFECE500B4359F /* OtherConfigs.swift */ = {isa = PBXFileReference; lastKnownFileType = sourcecode.swift; path = OtherConfigs.swift; sourceTree = "<group>"; };
		3DB5E04C29BFF13E00B4359F /* HomeViewModel.swift */ = {isa = PBXFileReference; lastKnownFileType = sourcecode.swift; path = HomeViewModel.swift; sourceTree = "<group>"; };
		3DB5E04E29C003AF00B4359F /* TravelData.swift */ = {isa = PBXFileReference; lastKnownFileType = sourcecode.swift; path = TravelData.swift; sourceTree = "<group>"; };
/* End PBXFileReference section */

/* Begin PBXFrameworksBuildPhase section */
		3DB5E00229BF86F300B4359F /* Frameworks */ = {
			isa = PBXFrameworksBuildPhase;
			buildActionMask = 2147483647;
			files = (
			);
			runOnlyForDeploymentPostprocessing = 0;
		};
/* End PBXFrameworksBuildPhase section */

/* Begin PBXGroup section */
		3DB5DFFC29BF86F300B4359F = {
			isa = PBXGroup;
			children = (
				3DB5E00729BF86F300B4359F /* Week06-Lev */,
				3DB5E00629BF86F300B4359F /* Products */,
			);
			sourceTree = "<group>";
		};
		3DB5E00629BF86F300B4359F /* Products */ = {
			isa = PBXGroup;
			children = (
				3DB5E00529BF86F300B4359F /* Week06-Lev.app */,
			);
			name = Products;
			sourceTree = "<group>";
		};
		3DB5E00729BF86F300B4359F /* Week06-Lev */ = {
			isa = PBXGroup;
			children = (
				3DB5E04129BFA9E900B4359F /* Info.plist */,
				3DB5E00A29BF86F300B4359F /* ContentView.swift */,
				3DB5E01629BFA86400B4359F /* TravelDetails */,
				3DB5E01729BFA87400B4359F /* Data */,
				3DB5E01B29BFA8AB00B4359F /* Helpers */,
				3DB5E01929BFA88F00B4359F /* Home */,
				3DB5E01829BFA88300B4359F /* Model */,
				3DB5E00829BF86F300B4359F /* Week06_LevApp.swift */,
				3DB5E04229BFABEC00B4359F /* UrbanistFontModifier.swift */,
				3DB5E04829BFB3F900B4359F /* ColourSettings.swift */,
				3DB5E04A29BFECE500B4359F /* OtherConfigs.swift */,
				3DB5E01C29BFA99E00B4359F /* Urbanist Font */,
				3DB5E00C29BF86F400B4359F /* Assets.xcassets */,
				3DB5E00E29BF86F400B4359F /* Preview Content */,
			);
			path = "Week06-Lev";
			sourceTree = "<group>";
		};
		3DB5E00E29BF86F400B4359F /* Preview Content */ = {
			isa = PBXGroup;
			children = (
				3DB5E00F29BF86F400B4359F /* Preview Assets.xcassets */,
			);
			path = "Preview Content";
			sourceTree = "<group>";
		};
		3DB5E01629BFA86400B4359F /* TravelDetails */ = {
			isa = PBXGroup;
			children = (
			);
			path = TravelDetails;
			sourceTree = "<group>";
		};
		3DB5E01729BFA87400B4359F /* Data */ = {
			isa = PBXGroup;
			children = (
				3DB5E04E29C003AF00B4359F /* TravelData.swift */,
			);
			path = Data;
			sourceTree = "<group>";
		};
		3DB5E01829BFA88300B4359F /* Model */ = {
			isa = PBXGroup;
			children = (
				3DB5E04629BFAF4F00B4359F /* TravelModel.swift */,
			);
			path = Model;
			sourceTree = "<group>";
		};
		3DB5E01929BFA88F00B4359F /* Home */ = {
			isa = PBXGroup;
			children = (
				3DB5E04429BFAD2200B4359F /* HomeView.swift */,
				3DB5E04C29BFF13E00B4359F /* HomeViewModel.swift */,
			);
			path = Home;
			sourceTree = "<group>";
		};
		3DB5E01B29BFA8AB00B4359F /* Helpers */ = {
			isa = PBXGroup;
			children = (
			);
			path = Helpers;
			sourceTree = "<group>";
		};
		3DB5E01C29BFA99E00B4359F /* Urbanist Font */ = {
			isa = PBXGroup;
			children = (
				3DB5E02729BFA9BD00B4359F /* Urbanist-Black.ttf */,
				3DB5E02529BFA9BC00B4359F /* Urbanist-BlackItalic.ttf */,
				3DB5E02629BFA9BC00B4359F /* Urbanist-Bold.ttf */,
				3DB5E02B29BFA9BD00B4359F /* Urbanist-BoldItalic.ttf */,
				3DB5E02A29BFA9BD00B4359F /* Urbanist-ExtraBold.ttf */,
				3DB5E02929BFA9BD00B4359F /* Urbanist-ExtraBoldItalic.ttf */,
				3DB5E02E29BFA9BD00B4359F /* Urbanist-ExtraLight.ttf */,
				3DB5E02829BFA9BD00B4359F /* Urbanist-ExtraLightItalic.ttf */,
				3DB5E02429BFA9BC00B4359F /* Urbanist-Italic.ttf */,
				3DB5E02129BFA9BC00B4359F /* Urbanist-Light.ttf */,
				3DB5E01D29BFA9BC00B4359F /* Urbanist-LightItalic.ttf */,
				3DB5E02D29BFA9BD00B4359F /* Urbanist-Medium.ttf */,
				3DB5E02029BFA9BC00B4359F /* Urbanist-MediumItalic.ttf */,
				3DB5E01E29BFA9BC00B4359F /* Urbanist-Regular.ttf */,
				3DB5E02C29BFA9BD00B4359F /* Urbanist-SemiBold.ttf */,
				3DB5E01F29BFA9BC00B4359F /* Urbanist-SemiBoldItalic.ttf */,
				3DB5E02229BFA9BC00B4359F /* Urbanist-Thin.ttf */,
				3DB5E02329BFA9BC00B4359F /* Urbanist-ThinItalic.ttf */,
			);
			path = "Urbanist Font";
			sourceTree = "<group>";
		};
/* End PBXGroup section */

/* Begin PBXNativeTarget section */
		3DB5E00429BF86F300B4359F /* Week06-Lev */ = {
			isa = PBXNativeTarget;
			buildConfigurationList = 3DB5E01329BF86F400B4359F /* Build configuration list for PBXNativeTarget "Week06-Lev" */;
			buildPhases = (
				3DB5E00129BF86F300B4359F /* Sources */,
				3DB5E00229BF86F300B4359F /* Frameworks */,
				3DB5E00329BF86F300B4359F /* Resources */,
			);
			buildRules = (
			);
			dependencies = (
			);
			name = "Week06-Lev";
			productName = "Week06-Lev";
			productReference = 3DB5E00529BF86F300B4359F /* Week06-Lev.app */;
			productType = "com.apple.product-type.application";
		};
/* End PBXNativeTarget section */

/* Begin PBXProject section */
		3DB5DFFD29BF86F300B4359F /* Project object */ = {
			isa = PBXProject;
			attributes = {
				BuildIndependentTargetsInParallel = 1;
				LastSwiftUpdateCheck = 1420;
				LastUpgradeCheck = 1420;
				TargetAttributes = {
					3DB5E00429BF86F300B4359F = {
						CreatedOnToolsVersion = 14.2;
					};
				};
			};
			buildConfigurationList = 3DB5E00029BF86F300B4359F /* Build configuration list for PBXProject "Week06-Lev" */;
			compatibilityVersion = "Xcode 14.0";
			developmentRegion = en;
			hasScannedForEncodings = 0;
			knownRegions = (
				en,
				Base,
			);
			mainGroup = 3DB5DFFC29BF86F300B4359F;
			productRefGroup = 3DB5E00629BF86F300B4359F /* Products */;
			projectDirPath = "";
			projectRoot = "";
			targets = (
				3DB5E00429BF86F300B4359F /* Week06-Lev */,
			);
		};
/* End PBXProject section */

/* Begin PBXResourcesBuildPhase section */
		3DB5E00329BF86F300B4359F /* Resources */ = {
			isa = PBXResourcesBuildPhase;
			buildActionMask = 2147483647;
			files = (
				3DB5E03A29BFA9BD00B4359F /* Urbanist-ExtraLightItalic.ttf in Resources */,
				3DB5E02F29BFA9BD00B4359F /* Urbanist-LightItalic.ttf in Resources */,
				3DB5E01029BF86F400B4359F /* Preview Assets.xcassets in Resources */,
				3DB5E03E29BFA9BD00B4359F /* Urbanist-SemiBold.ttf in Resources */,
				3DB5E03B29BFA9BD00B4359F /* Urbanist-ExtraBoldItalic.ttf in Resources */,
				3DB5E03329BFA9BD00B4359F /* Urbanist-Light.ttf in Resources */,
				3DB5E03F29BFA9BD00B4359F /* Urbanist-Medium.ttf in Resources */,
				3DB5E03829BFA9BD00B4359F /* Urbanist-Bold.ttf in Resources */,
				3DB5E03929BFA9BD00B4359F /* Urbanist-Black.ttf in Resources */,
				3DB5E03D29BFA9BD00B4359F /* Urbanist-BoldItalic.ttf in Resources */,
				3DB5E00D29BF86F400B4359F /* Assets.xcassets in Resources */,
				3DB5E03629BFA9BD00B4359F /* Urbanist-Italic.ttf in Resources */,
				3DB5E03729BFA9BD00B4359F /* Urbanist-BlackItalic.ttf in Resources */,
				3DB5E03129BFA9BD00B4359F /* Urbanist-SemiBoldItalic.ttf in Resources */,
				3DB5E03429BFA9BD00B4359F /* Urbanist-Thin.ttf in Resources */,
				3DB5E03C29BFA9BD00B4359F /* Urbanist-ExtraBold.ttf in Resources */,
				3DB5E04029BFA9BD00B4359F /* Urbanist-ExtraLight.ttf in Resources */,
				3DB5E03029BFA9BD00B4359F /* Urbanist-Regular.ttf in Resources */,
				3DB5E03529BFA9BD00B4359F /* Urbanist-ThinItalic.ttf in Resources */,
				3DB5E03229BFA9BD00B4359F /* Urbanist-MediumItalic.ttf in Resources */,
			);
			runOnlyForDeploymentPostprocessing = 0;
		};
/* End PBXResourcesBuildPhase section */

/* Begin PBXSourcesBuildPhase section */
		3DB5E00129BF86F300B4359F /* Sources */ = {
			isa = PBXSourcesBuildPhase;
			buildActionMask = 2147483647;
			files = (
				3DB5E00B29BF86F300B4359F /* ContentView.swift in Sources */,
				3DB5E04B29BFECE500B4359F /* OtherConfigs.swift in Sources */,
				3DB5E04529BFAD2200B4359F /* HomeView.swift in Sources */,
				3DB5E04D29BFF13E00B4359F /* HomeViewModel.swift in Sources */,
				3DB5E04F29C003AF00B4359F /* TravelData.swift in Sources */,
				3DB5E04929BFB3F900B4359F /* ColourSettings.swift in Sources */,
				3DB5E04729BFAF4F00B4359F /* TravelModel.swift in Sources */,
				3DB5E00929BF86F300B4359F /* Week06_LevApp.swift in Sources */,
				3DB5E04329BFABEC00B4359F /* UrbanistFontModifier.swift in Sources */,
			);
			runOnlyForDeploymentPostprocessing = 0;
		};
/* End PBXSourcesBuildPhase section */

/* Begin XCBuildConfiguration section */
		3DB5E01129BF86F400B4359F /* Debug */ = {
			isa = XCBuildConfiguration;
			buildSettings = {
				ALWAYS_SEARCH_USER_PATHS = NO;
				CLANG_ANALYZER_NONNULL = YES;
				CLANG_ANALYZER_NUMBER_OBJECT_CONVERSION = YES_AGGRESSIVE;
				CLANG_CXX_LANGUAGE_STANDARD = "gnu++20";
				CLANG_ENABLE_MODULES = YES;
				CLANG_ENABLE_OBJC_ARC = YES;
				CLANG_ENABLE_OBJC_WEAK = YES;
				CLANG_WARN_BLOCK_CAPTURE_AUTORELEASING = YES;
				CLANG_WARN_BOOL_CONVERSION = YES;
				CLANG_WARN_COMMA = YES;
				CLANG_WARN_CONSTANT_CONVERSION = YES;
				CLANG_WARN_DEPRECATED_OBJC_IMPLEMENTATIONS = YES;
				CLANG_WARN_DIRECT_OBJC_ISA_USAGE = YES_ERROR;
				CLANG_WARN_DOCUMENTATION_COMMENTS = YES;
				CLANG_WARN_EMPTY_BODY = YES;
				CLANG_WARN_ENUM_CONVERSION = YES;
				CLANG_WARN_INFINITE_RECURSION = YES;
				CLANG_WARN_INT_CONVERSION = YES;
				CLANG_WARN_NON_LITERAL_NULL_CONVERSION = YES;
				CLANG_WARN_OBJC_IMPLICIT_RETAIN_SELF = YES;
				CLANG_WARN_OBJC_LITERAL_CONVERSION = YES;
				CLANG_WARN_OBJC_ROOT_CLASS = YES_ERROR;
				CLANG_WARN_QUOTED_INCLUDE_IN_FRAMEWORK_HEADER = YES;
				CLANG_WARN_RANGE_LOOP_ANALYSIS = YES;
				CLANG_WARN_STRICT_PROTOTYPES = YES;
				CLANG_WARN_SUSPICIOUS_MOVE = YES;
				CLANG_WARN_UNGUARDED_AVAILABILITY = YES_AGGRESSIVE;
				CLANG_WARN_UNREACHABLE_CODE = YES;
				CLANG_WARN__DUPLICATE_METHOD_MATCH = YES;
				COPY_PHASE_STRIP = NO;
				DEBUG_INFORMATION_FORMAT = dwarf;
				ENABLE_STRICT_OBJC_MSGSEND = YES;
				ENABLE_TESTABILITY = YES;
				GCC_C_LANGUAGE_STANDARD = gnu11;
				GCC_DYNAMIC_NO_PIC = NO;
				GCC_NO_COMMON_BLOCKS = YES;
				GCC_OPTIMIZATION_LEVEL = 0;
				GCC_PREPROCESSOR_DEFINITIONS = (
					"DEBUG=1",
					"$(inherited)",
				);
				GCC_WARN_64_TO_32_BIT_CONVERSION = YES;
				GCC_WARN_ABOUT_RETURN_TYPE = YES_ERROR;
				GCC_WARN_UNDECLARED_SELECTOR = YES;
				GCC_WARN_UNINITIALIZED_AUTOS = YES_AGGRESSIVE;
				GCC_WARN_UNUSED_FUNCTION = YES;
				GCC_WARN_UNUSED_VARIABLE = YES;
				IPHONEOS_DEPLOYMENT_TARGET = 16.2;
				MTL_ENABLE_DEBUG_INFO = INCLUDE_SOURCE;
				MTL_FAST_MATH = YES;
				ONLY_ACTIVE_ARCH = YES;
				SDKROOT = iphoneos;
				SWIFT_ACTIVE_COMPILATION_CONDITIONS = DEBUG;
				SWIFT_OPTIMIZATION_LEVEL = "-Onone";
			};
			name = Debug;
		};
		3DB5E01229BF86F400B4359F /* Release */ = {
			isa = XCBuildConfiguration;
			buildSettings = {
				ALWAYS_SEARCH_USER_PATHS = NO;
				CLANG_ANALYZER_NONNULL = YES;
				CLANG_ANALYZER_NUMBER_OBJECT_CONVERSION = YES_AGGRESSIVE;
				CLANG_CXX_LANGUAGE_STANDARD = "gnu++20";
				CLANG_ENABLE_MODULES = YES;
				CLANG_ENABLE_OBJC_ARC = YES;
				CLANG_ENABLE_OBJC_WEAK = YES;
				CLANG_WARN_BLOCK_CAPTURE_AUTORELEASING = YES;
				CLANG_WARN_BOOL_CONVERSION = YES;
				CLANG_WARN_COMMA = YES;
				CLANG_WARN_CONSTANT_CONVERSION = YES;
				CLANG_WARN_DEPRECATED_OBJC_IMPLEMENTATIONS = YES;
				CLANG_WARN_DIRECT_OBJC_ISA_USAGE = YES_ERROR;
				CLANG_WARN_DOCUMENTATION_COMMENTS = YES;
				CLANG_WARN_EMPTY_BODY = YES;
				CLANG_WARN_ENUM_CONVERSION = YES;
				CLANG_WARN_INFINITE_RECURSION = YES;
				CLANG_WARN_INT_CONVERSION = YES;
				CLANG_WARN_NON_LITERAL_NULL_CONVERSION = YES;
				CLANG_WARN_OBJC_IMPLICIT_RETAIN_SELF = YES;
				CLANG_WARN_OBJC_LITERAL_CONVERSION = YES;
				CLANG_WARN_OBJC_ROOT_CLASS = YES_ERROR;
				CLANG_WARN_QUOTED_INCLUDE_IN_FRAMEWORK_HEADER = YES;
				CLANG_WARN_RANGE_LOOP_ANALYSIS = YES;
				CLANG_WARN_STRICT_PROTOTYPES = YES;
				CLANG_WARN_SUSPICIOUS_MOVE = YES;
				CLANG_WARN_UNGUARDED_AVAILABILITY = YES_AGGRESSIVE;
				CLANG_WARN_UNREACHABLE_CODE = YES;
				CLANG_WARN__DUPLICATE_METHOD_MATCH = YES;
				COPY_PHASE_STRIP = NO;
				DEBUG_INFORMATION_FORMAT = "dwarf-with-dsym";
				ENABLE_NS_ASSERTIONS = NO;
				ENABLE_STRICT_OBJC_MSGSEND = YES;
				GCC_C_LANGUAGE_STANDARD = gnu11;
				GCC_NO_COMMON_BLOCKS = YES;
				GCC_WARN_64_TO_32_BIT_CONVERSION = YES;
				GCC_WARN_ABOUT_RETURN_TYPE = YES_ERROR;
				GCC_WARN_UNDECLARED_SELECTOR = YES;
				GCC_WARN_UNINITIALIZED_AUTOS = YES_AGGRESSIVE;
				GCC_WARN_UNUSED_FUNCTION = YES;
				GCC_WARN_UNUSED_VARIABLE = YES;
				IPHONEOS_DEPLOYMENT_TARGET = 16.2;
				MTL_ENABLE_DEBUG_INFO = NO;
				MTL_FAST_MATH = YES;
				SDKROOT = iphoneos;
				SWIFT_COMPILATION_MODE = wholemodule;
				SWIFT_OPTIMIZATION_LEVEL = "-O";
				VALIDATE_PRODUCT = YES;
			};
			name = Release;
		};
		3DB5E01429BF86F400B4359F /* Debug */ = {
			isa = XCBuildConfiguration;
			buildSettings = {
				ASSETCATALOG_COMPILER_APPICON_NAME = AppIcon;
				ASSETCATALOG_COMPILER_GLOBAL_ACCENT_COLOR_NAME = AccentColor;
				CODE_SIGN_STYLE = Automatic;
				CURRENT_PROJECT_VERSION = 1;
				DEVELOPMENT_ASSET_PATHS = "\"Week06-Lev/Preview Content\"";
				DEVELOPMENT_TEAM = AF3UY36MG3;
				ENABLE_PREVIEWS = YES;
				GENERATE_INFOPLIST_FILE = YES;
				INFOPLIST_FILE = "Week06-Lev/Info.plist";
				INFOPLIST_KEY_UIApplicationSceneManifest_Generation = YES;
				INFOPLIST_KEY_UIApplicationSupportsIndirectInputEvents = YES;
				INFOPLIST_KEY_UILaunchScreen_Generation = YES;
				INFOPLIST_KEY_UISupportedInterfaceOrientations_iPad = "UIInterfaceOrientationPortrait UIInterfaceOrientationPortraitUpsideDown UIInterfaceOrientationLandscapeLeft UIInterfaceOrientationLandscapeRight";
				INFOPLIST_KEY_UISupportedInterfaceOrientations_iPhone = "UIInterfaceOrientationPortrait UIInterfaceOrientationLandscapeLeft UIInterfaceOrientationLandscapeRight";
				LD_RUNPATH_SEARCH_PATHS = (
					"$(inherited)",
					"@executable_path/Frameworks",
				);
				MARKETING_VERSION = 1.0;
				PRODUCT_BUNDLE_IDENTIFIER = "test.Week06-Lev";
				PRODUCT_NAME = "$(TARGET_NAME)";
				SWIFT_EMIT_LOC_STRINGS = YES;
				SWIFT_VERSION = 5.0;
				TARGETED_DEVICE_FAMILY = "1,2";
			};
			name = Debug;
		};
		3DB5E01529BF86F400B4359F /* Release */ = {
			isa = XCBuildConfiguration;
			buildSettings = {
				ASSETCATALOG_COMPILER_APPICON_NAME = AppIcon;
				ASSETCATALOG_COMPILER_GLOBAL_ACCENT_COLOR_NAME = AccentColor;
				CODE_SIGN_STYLE = Automatic;
				CURRENT_PROJECT_VERSION = 1;
				DEVELOPMENT_ASSET_PATHS = "\"Week06-Lev/Preview Content\"";
				DEVELOPMENT_TEAM = AF3UY36MG3;
				ENABLE_PREVIEWS = YES;
				GENERATE_INFOPLIST_FILE = YES;
				INFOPLIST_FILE = "Week06-Lev/Info.plist";
				INFOPLIST_KEY_UIApplicationSceneManifest_Generation = YES;
				INFOPLIST_KEY_UIApplicationSupportsIndirectInputEvents = YES;
				INFOPLIST_KEY_UILaunchScreen_Generation = YES;
				INFOPLIST_KEY_UISupportedInterfaceOrientations_iPad = "UIInterfaceOrientationPortrait UIInterfaceOrientationPortraitUpsideDown UIInterfaceOrientationLandscapeLeft UIInterfaceOrientationLandscapeRight";
				INFOPLIST_KEY_UISupportedInterfaceOrientations_iPhone = "UIInterfaceOrientationPortrait UIInterfaceOrientationLandscapeLeft UIInterfaceOrientationLandscapeRight";
				LD_RUNPATH_SEARCH_PATHS = (
					"$(inherited)",
					"@executable_path/Frameworks",
				);
				MARKETING_VERSION = 1.0;
				PRODUCT_BUNDLE_IDENTIFIER = "test.Week06-Lev";
				PRODUCT_NAME = "$(TARGET_NAME)";
				SWIFT_EMIT_LOC_STRINGS = YES;
				SWIFT_VERSION = 5.0;
				TARGETED_DEVICE_FAMILY = "1,2";
			};
			name = Release;
		};
/* End XCBuildConfiguration section */

/* Begin XCConfigurationList section */
		3DB5E00029BF86F300B4359F /* Build configuration list for PBXProject "Week06-Lev" */ = {
			isa = XCConfigurationList;
			buildConfigurations = (
				3DB5E01129BF86F400B4359F /* Debug */,
				3DB5E01229BF86F400B4359F /* Release */,
			);
			defaultConfigurationIsVisible = 0;
			defaultConfigurationName = Release;
		};
		3DB5E01329BF86F400B4359F /* Build configuration list for PBXNativeTarget "Week06-Lev" */ = {
			isa = XCConfigurationList;
			buildConfigurations = (
				3DB5E01429BF86F400B4359F /* Debug */,
				3DB5E01529BF86F400B4359F /* Release */,
			);
			defaultConfigurationIsVisible = 0;
			defaultConfigurationName = Release;
		};
/* End XCConfigurationList section */
	};
	rootObject = 3DB5DFFD29BF86F300B4359F /* Project object */;
}
